github.com/ncruces/go-sqlite3 v0.35.2 h1:YOoumI7tkxMIm1MBrkucRb1qtvAPEh8RrZtv6U+2aLs=
github.com/ncruces/go-sqlite3 v0.35.2/go.mod h1:lVlozMCF6VGdI1FOgl0pBfMviw6DIh/QIMKQyjmg2ac=
github.com/ncruces/go-sqlite3-wasm/v3 v3.2.35303 h1:td8kMW1bWwzc7NnlzPjQV4GbDNLkje8htGBfbZRaSh8=
github.com/ncruces/go-sqlite3-wasm/v3 v3.2.35303/go.mod h1:o8gr9w/50fXA5TDskg6bNUjvqmFfw4KaXth4q+yDSjg=
github.com/ncruces/julianday v1.0.0 h1:fH0OKwa7NWvniGQtxdJRxAgkBMolni2BjDHaWTxqt7M=
github.com/ncruces/julianday v1.0.0/go.mod h1:Dusn2KvZrrovOMJuOt0TNXL6tB7U2E8kvza5fFc9G7g=
golang.org/x/crypto v0.54.0 h1:YLIA59K4fiNzHzjnZt2tUJQjQtUWfWbeHBqKtk3eScw=
golang.org/x/crypto v0.54.0/go.mod h1:KWL8ny2AZdGR2cWmzeHrp2azQPGogOv+HeQaVEXC2dk=
golang.org/x/sys v0.47.0 h1:o7XGOvZQCADBQQ4Y7VNq2dRWQR7JmOUW8Kxx4ZsNgWs=
golang.org/x/sys v0.47.0/go.mod h1:4GL1E5IUh+htKOUEOaiffhrAeqysfVGipDYzABqnCmw=
golang.org/x/text v0.40.0 h1:Ub2Z6/xjgF1WrYQz2nuITOEegKFtiIy+rieRJ5lHZKs=
golang.org/x/text v0.40.0/go.mod h1:hpnzDAfGV753zIKo+wk3u1bVKCGPbrnF7+7LBF/UHVY=
